
Microsoft Visual Studio Solution File, Format Version 12.00
# Visual Studio Version 17
VisualStudioVersion = 17.10.34928.147
MinimumVisualStudioVersion = 10.0.40219.1
Project("{FAE04EC0-301F-11D3-BF4B-00C04F79EFBC}") = "Rotor_Dynamic_test", "Rotor_Dynamic_test.csproj", "{7CE21DB9-4726-4442-9A0B-B684453AC665}"
EndProject
Global
	GlobalSection(SolutionConfigurationPlatforms) = preSolution
		Debug|Any CPU = Debug|Any CPU
		Release|Any CPU = Release|Any CPU
	EndGlobalSection
	GlobalSection(ProjectConfigurationPlatforms) = postSolution
		{7CE21DB9-4726-4442-9A0B-B684453AC665}.Debug|Any CPU.ActiveCfg = Debug|Any CPU
		{7CE21DB9-4726-4442-9A0B-B684453AC665}.Debug|Any CPU.Build.0 = Debug|Any CPU
		{7CE21DB9-4726-4442-9A0B-B684453AC665}.Release|Any CPU.ActiveCfg = Release|Any CPU
		{7CE21DB9-4726-4442-9A0B-B684453AC665}.Release|Any CPU.Build.0 = Release|Any CPU
	EndGlobalSection
	GlobalSection(SolutionProperties) = preSolution
		HideSolutionNode = FALSE
	EndGlobalSection
	GlobalSection(ExtensibilityGlobals) = postSolution
		SolutionGuid = {BA55E4DA-DDD9-41BF-B3AC-ADD0F651A50C}
	EndGlobalSection
EndGlobal
